// !$*UTF8*$!
{
	archiveVersion = 1;
	classes = {
	};
	objectVersion = 51;
	objects = {

/* Begin PBXBuildFile section */
		5450F279289CBB590088F631 /* CartCollectionViewCell.m in Sources */ = {isa = PBXBuildFile; fileRef = 5450F277289CBB590088F631 /* CartCollectionViewCell.m */; };
		5450F27A289CBB590088F631 /* CartCollectionViewCell.xib in Resources */ = {isa = PBXBuildFile; fileRef = 5450F278289CBB590088F631 /* CartCollectionViewCell.xib */; };
		5457D28928906AC6002FE786 /* Animation.swift in Sources */ = {isa = PBXBuildFile; fileRef = 5457D28828906AC6002FE786 /* Animation.swift */; };
		548E24172885D6D500596A7F /* ProfileViewController.m in Sources */ = {isa = PBXBuildFile; fileRef = 548E24152885D6D500596A7F /* ProfileViewController.m */; };
		548E24182885D6D500596A7F /* ProfileViewController.xib in Resources */ = {isa = PBXBuildFile; fileRef = 548E24162885D6D500596A7F /* ProfileViewController.xib */; };
		548E241D2888717C00596A7F /* BottomSheetViewController.m in Sources */ = {isa = PBXBuildFile; fileRef = 548E241B2888717C00596A7F /* BottomSheetViewController.m */; };
		548E241E2888717C00596A7F /* BottomSheetViewController.xib in Resources */ = {isa = PBXBuildFile; fileRef = 548E241C2888717C00596A7F /* BottomSheetViewController.xib */; };
		54C60906288F60FB0013E0F1 /* MapViewController.m in Sources */ = {isa = PBXBuildFile; fileRef = 54C60904288F60FB0013E0F1 /* MapViewController.m */; };
		54C60907288F60FB0013E0F1 /* MapViewController.xib in Resources */ = {isa = PBXBuildFile; fileRef = 54C60905288F60FB0013E0F1 /* MapViewController.xib */; };
		54FDBC5D287CB10D00481281 /* AppDelegate.m in Sources */ = {isa = PBXBuildFile; fileRef = 54FDBC5C287CB10D00481281 /* AppDelegate.m */; };
		54FDBC60287CB10D00481281 /* SceneDelegate.m in Sources */ = {isa = PBXBuildFile; fileRef = 54FDBC5F287CB10D00481281 /* SceneDelegate.m */; };
		54FDBC63287CB10D00481281 /* ViewController.m in Sources */ = {isa = PBXBuildFile; fileRef = 54FDBC62287CB10D00481281 /* ViewController.m */; };
		54FDBC66287CB10D00481281 /* Main.storyboard in Resources */ = {isa = PBXBuildFile; fileRef = 54FDBC64287CB10D00481281 /* Main.storyboard */; };
		54FDBC6B287CB10E00481281 /* LaunchScreen.storyboard in Resources */ = {isa = PBXBuildFile; fileRef = 54FDBC69287CB10E00481281 /* LaunchScreen.storyboard */; };
		54FDBC6E287CB10E00481281 /* main.m in Sources */ = {isa = PBXBuildFile; fileRef = 54FDBC6D287CB10E00481281 /* main.m */; };
		7319F36144D9DD43B6B4796F /* Pods_GroceryMarket.framework in Frameworks */ = {isa = PBXBuildFile; fileRef = D8CEE849C3DDF24A5BA683DB /* Pods_GroceryMarket.framework */; };
		BE0DC05A2883762B00B2256F /* CartsViewController.m in Sources */ = {isa = PBXBuildFile; fileRef = BE0DC0582883762B00B2256F /* CartsViewController.m */; };
		BE0DC05B2883762B00B2256F /* CartsViewController.xib in Resources */ = {isa = PBXBuildFile; fileRef = BE0DC0592883762B00B2256F /* CartsViewController.xib */; };
		BE0DC05F288393B200B2256F /* Grocery.m in Sources */ = {isa = PBXBuildFile; fileRef = BE0DC05E288393B200B2256F /* Grocery.m */; };
		BE427E25287CD70A001A1E00 /* GoogleService-Info.plist in Resources */ = {isa = PBXBuildFile; fileRef = BE427E24287CD70A001A1E00 /* GoogleService-Info.plist */; };
		BE427E38287CD732001A1E00 /* RegisterViewController.m in Sources */ = {isa = PBXBuildFile; fileRef = BE427E28287CD731001A1E00 /* RegisterViewController.m */; };
		BE427E39287CD732001A1E00 /* RegisterViewController.xib in Resources */ = {isa = PBXBuildFile; fileRef = BE427E29287CD731001A1E00 /* RegisterViewController.xib */; };
		BE427E3A287CD732001A1E00 /* SignInViewController.m in Sources */ = {isa = PBXBuildFile; fileRef = BE427E2C287CD731001A1E00 /* SignInViewController.m */; };
		BE427E3B287CD732001A1E00 /* SignInViewController.xib in Resources */ = {isa = PBXBuildFile; fileRef = BE427E2D287CD731001A1E00 /* SignInViewController.xib */; };
		BE427E3C287CD732001A1E00 /* LandingViewController.m in Sources */ = {isa = PBXBuildFile; fileRef = BE427E30287CD731001A1E00 /* LandingViewController.m */; };
		BE427E3E287CD732001A1E00 /* HomeViewController.m in Sources */ = {isa = PBXBuildFile; fileRef = BE427E35287CD731001A1E00 /* HomeViewController.m */; };
		BE427E3F287CD732001A1E00 /* HomeViewController.xib in Resources */ = {isa = PBXBuildFile; fileRef = BE427E36287CD732001A1E00 /* HomeViewController.xib */; };
		BE427E45287CD98F001A1E00 /* GroceryCommonFunction.m in Sources */ = {isa = PBXBuildFile; fileRef = BE427E44287CD98F001A1E00 /* GroceryCommonFunction.m */; };
		BE427E50287E9AD0001A1E00 /* SearchViewController.m in Sources */ = {isa = PBXBuildFile; fileRef = BE427E4E287E9AD0001A1E00 /* SearchViewController.m */; };
		BE427E51287E9AD0001A1E00 /* SearchViewController.xib in Resources */ = {isa = PBXBuildFile; fileRef = BE427E4F287E9AD0001A1E00 /* SearchViewController.xib */; };
		BE427E56287EB1EF001A1E00 /* GroceryHomeViewController.m in Sources */ = {isa = PBXBuildFile; fileRef = BE427E54287EB1EF001A1E00 /* GroceryHomeViewController.m */; };
		BE427E57287EB1EF001A1E00 /* GroceryHomeViewController.xib in Resources */ = {isa = PBXBuildFile; fileRef = BE427E55287EB1EF001A1E00 /* GroceryHomeViewController.xib */; };
		BE427E61287F7A04001A1E00 /* GroceryCollectionViewCell.m in Sources */ = {isa = PBXBuildFile; fileRef = BE427E5F287F7A04001A1E00 /* GroceryCollectionViewCell.m */; };
		BE427E62287F7A05001A1E00 /* GroceryCollectionViewCell.xib in Resources */ = {isa = PBXBuildFile; fileRef = BE427E60287F7A04001A1E00 /* GroceryCollectionViewCell.xib */; };
		D39B9B30289AB510001038F0 /* Assets.xcassets in Resources */ = {isa = PBXBuildFile; fileRef = D39B9B2F289AB50E001038F0 /* Assets.xcassets */; };
/* End PBXBuildFile section */

/* Begin PBXFileReference section */
		2C3E71937DA2718A223EA1AB /* Pods-GroceryMarket.debug.xcconfig */ = {isa = PBXFileReference; includeInIndex = 1; lastKnownFileType = text.xcconfig; name = "Pods-GroceryMarket.debug.xcconfig"; path = "Target Support Files/Pods-GroceryMarket/Pods-GroceryMarket.debug.xcconfig"; sourceTree = "<group>"; };
		5450F276289CBB590088F631 /* CartCollectionViewCell.h */ = {isa = PBXFileReference; lastKnownFileType = sourcecode.c.h; path = CartCollectionViewCell.h; sourceTree = "<group>"; };
		5450F277289CBB590088F631 /* CartCollectionViewCell.m */ = {isa = PBXFileReference; lastKnownFileType = sourcecode.c.objc; path = CartCollectionViewCell.m; sourceTree = "<group>"; };
		5450F278289CBB590088F631 /* CartCollectionViewCell.xib */ = {isa = PBXFileReference; lastKnownFileType = file.xib; path = CartCollectionViewCell.xib; sourceTree = "<group>"; };
		5457D28728906AC6002FE786 /* GroceryMarket-Bridging-Header.h */ = {isa = PBXFileReference; lastKnownFileType = sourcecode.c.h; path = "GroceryMarket-Bridging-Header.h"; sourceTree = "<group>"; };
		5457D28828906AC6002FE786 /* Animation.swift */ = {isa = PBXFileReference; lastKnownFileType = sourcecode.swift; path = Animation.swift; sourceTree = "<group>"; };
		548E24142885D6D500596A7F /* ProfileViewController.h */ = {isa = PBXFileReference; lastKnownFileType = sourcecode.c.h; path = ProfileViewController.h; sourceTree = "<group>"; };
		548E24152885D6D500596A7F /* ProfileViewController.m */ = {isa = PBXFileReference; lastKnownFileType = sourcecode.c.objc; path = ProfileViewController.m; sourceTree = "<group>"; };
		548E24162885D6D500596A7F /* ProfileViewController.xib */ = {isa = PBXFileReference; lastKnownFileType = file.xib; path = ProfileViewController.xib; sourceTree = "<group>"; };
		548E241A2888717C00596A7F /* BottomSheetViewController.h */ = {isa = PBXFileReference; lastKnownFileType = sourcecode.c.h; path = BottomSheetViewController.h; sourceTree = "<group>"; };
		548E241B2888717C00596A7F /* BottomSheetViewController.m */ = {isa = PBXFileReference; lastKnownFileType = sourcecode.c.objc; path = BottomSheetViewController.m; sourceTree = "<group>"; };
		548E241C2888717C00596A7F /* BottomSheetViewController.xib */ = {isa = PBXFileReference; lastKnownFileType = file.xib; path = BottomSheetViewController.xib; sourceTree = "<group>"; };
		54C60903288F60FB0013E0F1 /* MapViewController.h */ = {isa = PBXFileReference; lastKnownFileType = sourcecode.c.h; path = MapViewController.h; sourceTree = "<group>"; };
		54C60904288F60FB0013E0F1 /* MapViewController.m */ = {isa = PBXFileReference; lastKnownFileType = sourcecode.c.objc; path = MapViewController.m; sourceTree = "<group>"; };
		54C60905288F60FB0013E0F1 /* MapViewController.xib */ = {isa = PBXFileReference; lastKnownFileType = file.xib; path = MapViewController.xib; sourceTree = "<group>"; };
		54FDBC58287CB10D00481281 /* GroceryMarket.app */ = {isa = PBXFileReference; explicitFileType = wrapper.application; includeInIndex = 0; path = GroceryMarket.app; sourceTree = BUILT_PRODUCTS_DIR; };
		54FDBC5B287CB10D00481281 /* AppDelegate.h */ = {isa = PBXFileReference; lastKnownFileType = sourcecode.c.h; path = AppDelegate.h; sourceTree = "<group>"; };
		54FDBC5C287CB10D00481281 /* AppDelegate.m */ = {isa = PBXFileReference; lastKnownFileType = sourcecode.c.objc; path = AppDelegate.m; sourceTree = "<group>"; };
		54FDBC5E287CB10D00481281 /* SceneDelegate.h */ = {isa = PBXFileReference; lastKnownFileType = sourcecode.c.h; path = SceneDelegate.h; sourceTree = "<group>"; };
		54FDBC5F287CB10D00481281 /* SceneDelegate.m */ = {isa = PBXFileReference; lastKnownFileType = sourcecode.c.objc; path = SceneDelegate.m; sourceTree = "<group>"; };
		54FDBC61287CB10D00481281 /* ViewController.h */ = {isa = PBXFileReference; lastKnownFileType = sourcecode.c.h; path = ViewController.h; sourceTree = "<group>"; };
		54FDBC62287CB10D00481281 /* ViewController.m */ = {isa = PBXFileReference; lastKnownFileType = sourcecode.c.objc; path = ViewController.m; sourceTree = "<group>"; };
		54FDBC65287CB10D00481281 /* Base */ = {isa = PBXFileReference; lastKnownFileType = file.storyboard; name = Base; path = Base.lproj/Main.storyboard; sourceTree = "<group>"; };
		54FDBC6A287CB10E00481281 /* Base */ = {isa = PBXFileReference; lastKnownFileType = file.storyboard; name = Base; path = Base.lproj/LaunchScreen.storyboard; sourceTree = "<group>"; };
		54FDBC6C287CB10E00481281 /* Info.plist */ = {isa = PBXFileReference; lastKnownFileType = text.plist.xml; path = Info.plist; sourceTree = "<group>"; };
		54FDBC6D287CB10E00481281 /* main.m */ = {isa = PBXFileReference; lastKnownFileType = sourcecode.c.objc; path = main.m; sourceTree = "<group>"; };
		BE0DC0572883762B00B2256F /* CartsViewController.h */ = {isa = PBXFileReference; lastKnownFileType = sourcecode.c.h; path = CartsViewController.h; sourceTree = "<group>"; };
		BE0DC0582883762B00B2256F /* CartsViewController.m */ = {isa = PBXFileReference; lastKnownFileType = sourcecode.c.objc; path = CartsViewController.m; sourceTree = "<group>"; };
		BE0DC0592883762B00B2256F /* CartsViewController.xib */ = {isa = PBXFileReference; lastKnownFileType = file.xib; path = CartsViewController.xib; sourceTree = "<group>"; };
		BE0DC05D288393B200B2256F /* Grocery.h */ = {isa = PBXFileReference; lastKnownFileType = sourcecode.c.h; path = Grocery.h; sourceTree = "<group>"; };
		BE0DC05E288393B200B2256F /* Grocery.m */ = {isa = PBXFileReference; lastKnownFileType = sourcecode.c.objc; path = Grocery.m; sourceTree = "<group>"; };
		BE427E24287CD70A001A1E00 /* GoogleService-Info.plist */ = {isa = PBXFileReference; fileEncoding = 4; lastKnownFileType = text.plist.xml; path = "GoogleService-Info.plist"; sourceTree = "<group>"; };
		BE427E28287CD731001A1E00 /* RegisterViewController.m */ = {isa = PBXFileReference; fileEncoding = 4; lastKnownFileType = sourcecode.c.objc; path = RegisterViewController.m; sourceTree = "<group>"; };
		BE427E29287CD731001A1E00 /* RegisterViewController.xib */ = {isa = PBXFileReference; fileEncoding = 4; lastKnownFileType = file.xib; path = RegisterViewController.xib; sourceTree = "<group>"; };
		BE427E2A287CD731001A1E00 /* RegisterViewController.h */ = {isa = PBXFileReference; fileEncoding = 4; lastKnownFileType = sourcecode.c.h; path = RegisterViewController.h; sourceTree = "<group>"; };
		BE427E2C287CD731001A1E00 /* SignInViewController.m */ = {isa = PBXFileReference; fileEncoding = 4; lastKnownFileType = sourcecode.c.objc; path = SignInViewController.m; sourceTree = "<group>"; };
		BE427E2D287CD731001A1E00 /* SignInViewController.xib */ = {isa = PBXFileReference; fileEncoding = 4; lastKnownFileType = file.xib; path = SignInViewController.xib; sourceTree = "<group>"; };
		BE427E2E287CD731001A1E00 /* SignInViewController.h */ = {isa = PBXFileReference; fileEncoding = 4; lastKnownFileType = sourcecode.c.h; path = SignInViewController.h; sourceTree = "<group>"; };
		BE427E30287CD731001A1E00 /* LandingViewController.m */ = {isa = PBXFileReference; fileEncoding = 4; lastKnownFileType = sourcecode.c.objc; path = LandingViewController.m; sourceTree = "<group>"; };
		BE427E33287CD731001A1E00 /* LandingViewController.h */ = {isa = PBXFileReference; fileEncoding = 4; lastKnownFileType = sourcecode.c.h; path = LandingViewController.h; sourceTree = "<group>"; };
		BE427E35287CD731001A1E00 /* HomeViewController.m */ = {isa = PBXFileReference; fileEncoding = 4; lastKnownFileType = sourcecode.c.objc; path = HomeViewController.m; sourceTree = "<group>"; };
		BE427E36287CD732001A1E00 /* HomeViewController.xib */ = {isa = PBXFileReference; fileEncoding = 4; lastKnownFileType = file.xib; path = HomeViewController.xib; sourceTree = "<group>"; };
		BE427E37287CD732001A1E00 /* HomeViewController.h */ = {isa = PBXFileReference; fileEncoding = 4; lastKnownFileType = sourcecode.c.h; path = HomeViewController.h; sourceTree = "<group>"; };
		BE427E41287CD8B0001A1E00 /* Grocery-Prefix.pch */ = {isa = PBXFileReference; lastKnownFileType = sourcecode.c.h; path = "Grocery-Prefix.pch"; sourceTree = "<group>"; };
		BE427E43287CD98F001A1E00 /* GroceryCommonFunction.h */ = {isa = PBXFileReference; lastKnownFileType = sourcecode.c.h; path = GroceryCommonFunction.h; sourceTree = "<group>"; };
		BE427E44287CD98F001A1E00 /* GroceryCommonFunction.m */ = {isa = PBXFileReference; lastKnownFileType = sourcecode.c.objc; path = GroceryCommonFunction.m; sourceTree = "<group>"; };
		BE427E4D287E9AD0001A1E00 /* SearchViewController.h */ = {isa = PBXFileReference; lastKnownFileType = sourcecode.c.h; path = SearchViewController.h; sourceTree = "<group>"; };
		BE427E4E287E9AD0001A1E00 /* SearchViewController.m */ = {isa = PBXFileReference; lastKnownFileType = sourcecode.c.objc; path = SearchViewController.m; sourceTree = "<group>"; };
		BE427E4F287E9AD0001A1E00 /* SearchViewController.xib */ = {isa = PBXFileReference; lastKnownFileType = file.xib; path = SearchViewController.xib; sourceTree = "<group>"; };
		BE427E53287EB1EF001A1E00 /* GroceryHomeViewController.h */ = {isa = PBXFileReference; lastKnownFileType = sourcecode.c.h; path = GroceryHomeViewController.h; sourceTree = "<group>"; };
		BE427E54287EB1EF001A1E00 /* GroceryHomeViewController.m */ = {isa = PBXFileReference; lastKnownFileType = sourcecode.c.objc; path = GroceryHomeViewController.m; sourceTree = "<group>"; };
		BE427E55287EB1EF001A1E00 /* GroceryHomeViewController.xib */ = {isa = PBXFileReference; lastKnownFileType = file.xib; path = GroceryHomeViewController.xib; sourceTree = "<group>"; };
		BE427E5E287F7A04001A1E00 /* GroceryCollectionViewCell.h */ = {isa = PBXFileReference; lastKnownFileType = sourcecode.c.h; path = GroceryCollectionViewCell.h; sourceTree = "<group>"; };
		BE427E5F287F7A04001A1E00 /* GroceryCollectionViewCell.m */ = {isa = PBXFileReference; lastKnownFileType = sourcecode.c.objc; path = GroceryCollectionViewCell.m; sourceTree = "<group>"; };
		BE427E60287F7A04001A1E00 /* GroceryCollectionViewCell.xib */ = {isa = PBXFileReference; lastKnownFileType = file.xib; path = GroceryCollectionViewCell.xib; sourceTree = "<group>"; };
		D39B9B2F289AB50E001038F0 /* Assets.xcassets */ = {isa = PBXFileReference; lastKnownFileType = folder.assetcatalog; path = Assets.xcassets; sourceTree = "<group>"; };
		D8CEE849C3DDF24A5BA683DB /* Pods_GroceryMarket.framework */ = {isa = PBXFileReference; explicitFileType = wrapper.framework; includeInIndex = 0; path = Pods_GroceryMarket.framework; sourceTree = BUILT_PRODUCTS_DIR; };
		E67D131A858D19BC50B2A055 /* Pods-GroceryMarket.release.xcconfig */ = {isa = PBXFileReference; includeInIndex = 1; lastKnownFileType = text.xcconfig; name = "Pods-GroceryMarket.release.xcconfig"; path = "Target Support Files/Pods-GroceryMarket/Pods-GroceryMarket.release.xcconfig"; sourceTree = "<group>"; };
/* End PBXFileReference section */

/* Begin PBXFrameworksBuildPhase section */
		54FDBC55287CB10D00481281 /* Frameworks */ = {
			isa = PBXFrameworksBuildPhase;
			buildActionMask = 2147483647;
			files = (
				7319F36144D9DD43B6B4796F /* Pods_GroceryMarket.framework in Frameworks */,
			);
			runOnlyForDeploymentPostprocessing = 0;
		};
/* End PBXFrameworksBuildPhase section */

/* Begin PBXGroup section */
		548E24102885D5CF00596A7F /* ProfileViewController */ = {
			isa = PBXGroup;
			children = (
				548E24142885D6D500596A7F /* ProfileViewController.h */,
				548E24152885D6D500596A7F /* ProfileViewController.m */,
				548E24162885D6D500596A7F /* ProfileViewController.xib */,
			);
			path = ProfileViewController;
			sourceTree = "<group>";
		};
		548E24192888713A00596A7F /* BottomSheetController */ = {
			isa = PBXGroup;
			children = (
				548E241A2888717C00596A7F /* BottomSheetViewController.h */,
				548E241B2888717C00596A7F /* BottomSheetViewController.m */,
				548E241C2888717C00596A7F /* BottomSheetViewController.xib */,
			);
			path = BottomSheetController;
			sourceTree = "<group>";
		};
		54C60902288F60CC0013E0F1 /* MapViewController */ = {
			isa = PBXGroup;
			children = (
				54C60903288F60FB0013E0F1 /* MapViewController.h */,
				54C60904288F60FB0013E0F1 /* MapViewController.m */,
				54C60905288F60FB0013E0F1 /* MapViewController.xib */,
			);
			path = MapViewController;
			sourceTree = "<group>";
		};
		54FDBC4F287CB10D00481281 = {
			isa = PBXGroup;
			children = (
				54FDBC5A287CB10D00481281 /* GroceryMarket */,
				54FDBC59287CB10D00481281 /* Products */,
				5BF3512F3998DA4B56852C0F /* Pods */,
				E26AD8B41653187BB05B29C2 /* Frameworks */,
			);
			sourceTree = "<group>";
		};
		54FDBC59287CB10D00481281 /* Products */ = {
			isa = PBXGroup;
			children = (
				54FDBC58287CB10D00481281 /* GroceryMarket.app */,
			);
			name = Products;
			sourceTree = "<group>";
		};
		54FDBC5A287CB10D00481281 /* GroceryMarket */ = {
			isa = PBXGroup;
			children = (
				D39B9B2F289AB50E001038F0 /* Assets.xcassets */,
				BE427E26287CD731001A1E00 /* ViewControllers */,
				BE0DC05C2883926E00B2256F /* Model */,
				BE427E40287CD885001A1E00 /* SupportingFiles */,
				BE427E42287CD8D5001A1E00 /* GroceryHelperClasses */,
				54FDBC5B287CB10D00481281 /* AppDelegate.h */,
				54FDBC5C287CB10D00481281 /* AppDelegate.m */,
				54FDBC5E287CB10D00481281 /* SceneDelegate.h */,
				54FDBC5F287CB10D00481281 /* SceneDelegate.m */,
				54FDBC61287CB10D00481281 /* ViewController.h */,
				54FDBC62287CB10D00481281 /* ViewController.m */,
				54FDBC69287CB10E00481281 /* LaunchScreen.storyboard */,
				54FDBC6C287CB10E00481281 /* Info.plist */,
				BE427E24287CD70A001A1E00 /* GoogleService-Info.plist */,
				54FDBC6D287CB10E00481281 /* main.m */,
				5457D28828906AC6002FE786 /* Animation.swift */,
				5457D28728906AC6002FE786 /* GroceryMarket-Bridging-Header.h */,
			);
			path = GroceryMarket;
			sourceTree = "<group>";
		};
		5BF3512F3998DA4B56852C0F /* Pods */ = {
			isa = PBXGroup;
			children = (
				2C3E71937DA2718A223EA1AB /* Pods-GroceryMarket.debug.xcconfig */,
				E67D131A858D19BC50B2A055 /* Pods-GroceryMarket.release.xcconfig */,
			);
			path = Pods;
			sourceTree = "<group>";
		};
		BE0DC0562883760900B2256F /* CartsViewController */ = {
			isa = PBXGroup;
			children = (
				BE0DC0572883762B00B2256F /* CartsViewController.h */,
				BE0DC0582883762B00B2256F /* CartsViewController.m */,
				BE0DC0592883762B00B2256F /* CartsViewController.xib */,
				5450F276289CBB590088F631 /* CartCollectionViewCell.h */,
				5450F277289CBB590088F631 /* CartCollectionViewCell.m */,
				5450F278289CBB590088F631 /* CartCollectionViewCell.xib */,
			);
			path = CartsViewController;
			sourceTree = "<group>";
		};
		BE0DC05C2883926E00B2256F /* Model */ = {
			isa = PBXGroup;
			children = (
				BE0DC05D288393B200B2256F /* Grocery.h */,
				BE0DC05E288393B200B2256F /* Grocery.m */,
			);
			path = Model;
			sourceTree = "<group>";
		};
		BE427E26287CD731001A1E00 /* ViewControllers */ = {
			isa = PBXGroup;
			children = (
				54C60902288F60CC0013E0F1 /* MapViewController */,
				548E24192888713A00596A7F /* BottomSheetController */,
				548E24102885D5CF00596A7F /* ProfileViewController */,
				BE427E2F287CD731001A1E00 /* LandingViewController */,
				BE427E27287CD731001A1E00 /* RegisterViewController */,
				BE427E34287CD731001A1E00 /* HomeViewController */,
				BE427E52287EB1CC001A1E00 /* GroceryHomeViewController */,
				BE0DC0562883760900B2256F /* CartsViewController */,
				BE427E47287E9A9B001A1E00 /* SearchViewController */,
			);
			path = ViewControllers;
			sourceTree = "<group>";
		};
		BE427E27287CD731001A1E00 /* RegisterViewController */ = {
			isa = PBXGroup;
			children = (
				BE427E29287CD731001A1E00 /* RegisterViewController.xib */,
				BE427E28287CD731001A1E00 /* RegisterViewController.m */,
				BE427E2A287CD731001A1E00 /* RegisterViewController.h */,
				BE427E2B287CD731001A1E00 /* SignInViewController */,
			);
			path = RegisterViewController;
			sourceTree = "<group>";
		};
		BE427E2B287CD731001A1E00 /* SignInViewController */ = {
			isa = PBXGroup;
			children = (
				BE427E2C287CD731001A1E00 /* SignInViewController.m */,
				BE427E2D287CD731001A1E00 /* SignInViewController.xib */,
				BE427E2E287CD731001A1E00 /* SignInViewController.h */,
			);
			path = SignInViewController;
			sourceTree = "<group>";
		};
		BE427E2F287CD731001A1E00 /* LandingViewController */ = {
			isa = PBXGroup;
			children = (
				BE427E30287CD731001A1E00 /* LandingViewController.m */,
				BE427E33287CD731001A1E00 /* LandingViewController.h */,
				54FDBC64287CB10D00481281 /* Main.storyboard */,
			);
			path = LandingViewController;
			sourceTree = "<group>";
		};
		BE427E34287CD731001A1E00 /* HomeViewController */ = {
			isa = PBXGroup;
			children = (
				BE427E35287CD731001A1E00 /* HomeViewController.m */,
				BE427E36287CD732001A1E00 /* HomeViewController.xib */,
				BE427E37287CD732001A1E00 /* HomeViewController.h */,
			);
			path = HomeViewController;
			sourceTree = "<group>";
		};
		BE427E40287CD885001A1E00 /* SupportingFiles */ = {
			isa = PBXGroup;
			children = (
				BE427E41287CD8B0001A1E00 /* Grocery-Prefix.pch */,
			);
			path = SupportingFiles;
			sourceTree = "<group>";
		};
		BE427E42287CD8D5001A1E00 /* GroceryHelperClasses */ = {
			isa = PBXGroup;
			children = (
				BE427E43287CD98F001A1E00 /* GroceryCommonFunction.h */,
				BE427E44287CD98F001A1E00 /* GroceryCommonFunction.m */,
			);
			path = GroceryHelperClasses;
			sourceTree = "<group>";
		};
		BE427E47287E9A9B001A1E00 /* SearchViewController */ = {
			isa = PBXGroup;
			children = (
				BE427E4D287E9AD0001A1E00 /* SearchViewController.h */,
				BE427E4E287E9AD0001A1E00 /* SearchViewController.m */,
				BE427E4F287E9AD0001A1E00 /* SearchViewController.xib */,
			);
			path = SearchViewController;
			sourceTree = "<group>";
		};
		BE427E52287EB1CC001A1E00 /* GroceryHomeViewController */ = {
			isa = PBXGroup;
			children = (
				BE427E63287F7A20001A1E00 /* GroceryCollectionViewCell */,
				BE427E53287EB1EF001A1E00 /* GroceryHomeViewController.h */,
				BE427E54287EB1EF001A1E00 /* GroceryHomeViewController.m */,
				BE427E55287EB1EF001A1E00 /* GroceryHomeViewController.xib */,
			);
			path = GroceryHomeViewController;
			sourceTree = "<group>";
		};
		BE427E63287F7A20001A1E00 /* GroceryCollectionViewCell */ = {
			isa = PBXGroup;
			children = (
				BE427E5E287F7A04001A1E00 /* GroceryCollectionViewCell.h */,
				BE427E5F287F7A04001A1E00 /* GroceryCollectionViewCell.m */,
				BE427E60287F7A04001A1E00 /* GroceryCollectionViewCell.xib */,
			);
			path = GroceryCollectionViewCell;
			sourceTree = "<group>";
		};
		E26AD8B41653187BB05B29C2 /* Frameworks */ = {
			isa = PBXGroup;
			children = (
				D8CEE849C3DDF24A5BA683DB /* Pods_GroceryMarket.framework */,
			);
			name = Frameworks;
			sourceTree = "<group>";
		};
/* End PBXGroup section */

/* Begin PBXNativeTarget section */
		54FDBC57287CB10D00481281 /* GroceryMarket */ = {
			isa = PBXNativeTarget;
			buildConfigurationList = 54FDBC71287CB10E00481281 /* Build configuration list for PBXNativeTarget "GroceryMarket" */;
			buildPhases = (
				6B05C636CEE5796F69F666E4 /* [CP] Check Pods Manifest.lock */,
				54FDBC54287CB10D00481281 /* Sources */,
				54FDBC55287CB10D00481281 /* Frameworks */,
				54FDBC56287CB10D00481281 /* Resources */,
				048AC5B81F3DD86BEDBC3412 /* [CP] Embed Pods Frameworks */,
				438F46333A471AE420F90C83 /* [CP] Copy Pods Resources */,
			);
			buildRules = (
			);
			dependencies = (
			);
			name = GroceryMarket;
			productName = GroceryMarket;
			productReference = 54FDBC58287CB10D00481281 /* GroceryMarket.app */;
			productType = "com.apple.product-type.application";
		};
/* End PBXNativeTarget section */

/* Begin PBXProject section */
		54FDBC50287CB10D00481281 /* Project object */ = {
			isa = PBXProject;
			attributes = {
				LastUpgradeCheck = 1340;
				TargetAttributes = {
					54FDBC57287CB10D00481281 = {
						CreatedOnToolsVersion = 13.4.1;
						LastSwiftMigration = 1340;
					};
				};
			};
			buildConfigurationList = 54FDBC53287CB10D00481281 /* Build configuration list for PBXProject "GroceryMarket" */;
			compatibilityVersion = "Xcode 9.3";
			developmentRegion = en;
			hasScannedForEncodings = 0;
			knownRegions = (
				en,
				Base,
			);
			mainGroup = 54FDBC4F287CB10D00481281;
			productRefGroup = 54FDBC59287CB10D00481281 /* Products */;
			projectDirPath = "";
			projectRoot = "";
			targets = (
				54FDBC57287CB10D00481281 /* GroceryMarket */,
			);
		};
/* End PBXProject section */

/* Begin PBXResourcesBuildPhase section */
		54FDBC56287CB10D00481281 /* Resources */ = {
			isa = PBXResourcesBuildPhase;
			buildActionMask = 2147483647;
			files = (
				54FDBC6B287CB10E00481281 /* LaunchScreen.storyboard in Resources */,
				BE0DC05B2883762B00B2256F /* CartsViewController.xib in Resources */,
				BE427E39287CD732001A1E00 /* RegisterViewController.xib in Resources */,
				BE427E25287CD70A001A1E00 /* GoogleService-Info.plist in Resources */,
				D39B9B30289AB510001038F0 /* Assets.xcassets in Resources */,
				BE427E62287F7A05001A1E00 /* GroceryCollectionViewCell.xib in Resources */,
				5450F27A289CBB590088F631 /* CartCollectionViewCell.xib in Resources */,
				548E24182885D6D500596A7F /* ProfileViewController.xib in Resources */,
				BE427E3B287CD732001A1E00 /* SignInViewController.xib in Resources */,
				BE427E57287EB1EF001A1E00 /* GroceryHomeViewController.xib in Resources */,
				BE427E51287E9AD0001A1E00 /* SearchViewController.xib in Resources */,
				54FDBC66287CB10D00481281 /* Main.storyboard in Resources */,
				54C60907288F60FB0013E0F1 /* MapViewController.xib in Resources */,
				548E241E2888717C00596A7F /* BottomSheetViewController.xib in Resources */,
				BE427E3F287CD732001A1E00 /* HomeViewController.xib in Resources */,
			);
			runOnlyForDeploymentPostprocessing = 0;
		};
/* End PBXResourcesBuildPhase section */

/* Begin PBXShellScriptBuildPhase section */
		048AC5B81F3DD86BEDBC3412 /* [CP] Embed Pods Frameworks */ = {
			isa = PBXShellScriptBuildPhase;
			buildActionMask = 2147483647;
			files = (
			);
			inputFileListPaths = (
				"${PODS_ROOT}/Target Support Files/Pods-GroceryMarket/Pods-GroceryMarket-frameworks-${CONFIGURATION}-input-files.xcfilelist",
			);
			name = "[CP] Embed Pods Frameworks";
			outputFileListPaths = (
				"${PODS_ROOT}/Target Support Files/Pods-GroceryMarket/Pods-GroceryMarket-frameworks-${CONFIGURATION}-output-files.xcfilelist",
			);
			runOnlyForDeploymentPostprocessing = 0;
			shellPath = /bin/sh;
			shellScript = "\"${PODS_ROOT}/Target Support Files/Pods-GroceryMarket/Pods-GroceryMarket-frameworks.sh\"\n";
			showEnvVarsInLog = 0;
		};
		438F46333A471AE420F90C83 /* [CP] Copy Pods Resources */ = {
			isa = PBXShellScriptBuildPhase;
			buildActionMask = 2147483647;
			files = (
			);
			inputFileListPaths = (
				"${PODS_ROOT}/Target Support Files/Pods-GroceryMarket/Pods-GroceryMarket-resources-${CONFIGURATION}-input-files.xcfilelist",
			);
			name = "[CP] Copy Pods Resources";
			outputFileListPaths = (
				"${PODS_ROOT}/Target Support Files/Pods-GroceryMarket/Pods-GroceryMarket-resources-${CONFIGURATION}-output-files.xcfilelist",
			);
			runOnlyForDeploymentPostprocessing = 0;
			shellPath = /bin/sh;
			shellScript = "\"${PODS_ROOT}/Target Support Files/Pods-GroceryMarket/Pods-GroceryMarket-resources.sh\"\n";
			showEnvVarsInLog = 0;
		};
		6B05C636CEE5796F69F666E4 /* [CP] Check Pods Manifest.lock */ = {
			isa = PBXShellScriptBuildPhase;
			buildActionMask = 2147483647;
			files = (
			);
			inputFileListPaths = (
			);
			inputPaths = (
				"${PODS_PODFILE_DIR_PATH}/Podfile.lock",
				"${PODS_ROOT}/Manifest.lock",
			);
			name = "[CP] Check Pods Manifest.lock";
			outputFileListPaths = (
			);
			outputPaths = (
				"$(DERIVED_FILE_DIR)/Pods-GroceryMarket-checkManifestLockResult.txt",
			);
			runOnlyForDeploymentPostprocessing = 0;
			shellPath = /bin/sh;
			shellScript = "diff \"${PODS_PODFILE_DIR_PATH}/Podfile.lock\" \"${PODS_ROOT}/Manifest.lock\" > /dev/null\nif [ $? != 0 ] ; then\n    # print error to STDERR\n    echo \"error: The sandbox is not in sync with the Podfile.lock. Run 'pod install' or update your CocoaPods installation.\" >&2\n    exit 1\nfi\n# This output is used by Xcode 'outputs' to avoid re-running this script phase.\necho \"SUCCESS\" > \"${SCRIPT_OUTPUT_FILE_0}\"\n";
			showEnvVarsInLog = 0;
		};
/* End PBXShellScriptBuildPhase section */

/* Begin PBXSourcesBuildPhase section */
		54FDBC54287CB10D00481281 /* Sources */ = {
			isa = PBXSourcesBuildPhase;
			buildActionMask = 2147483647;
			files = (
				BE427E38287CD732001A1E00 /* RegisterViewController.m in Sources */,
				BE427E3C287CD732001A1E00 /* LandingViewController.m in Sources */,
				54FDBC63287CB10D00481281 /* ViewController.m in Sources */,
				548E241D2888717C00596A7F /* BottomSheetViewController.m in Sources */,
				54FDBC5D287CB10D00481281 /* AppDelegate.m in Sources */,
				548E24172885D6D500596A7F /* ProfileViewController.m in Sources */,
				54FDBC6E287CB10E00481281 /* main.m in Sources */,
				BE427E45287CD98F001A1E00 /* GroceryCommonFunction.m in Sources */,
				BE427E61287F7A04001A1E00 /* GroceryCollectionViewCell.m in Sources */,
				BE427E3A287CD732001A1E00 /* SignInViewController.m in Sources */,
				BE427E50287E9AD0001A1E00 /* SearchViewController.m in Sources */,
				BE0DC05F288393B200B2256F /* Grocery.m in Sources */,
				5450F279289CBB590088F631 /* CartCollectionViewCell.m in Sources */,
				BE427E56287EB1EF001A1E00 /* GroceryHomeViewController.m in Sources */,
				54FDBC60287CB10D00481281 /* SceneDelegate.m in Sources */,
				BE427E3E287CD732001A1E00 /* HomeViewController.m in Sources */,
				54C60906288F60FB0013E0F1 /* MapViewController.m in Sources */,
				5457D28928906AC6002FE786 /* Animation.swift in Sources */,
				BE0DC05A2883762B00B2256F /* CartsViewController.m in Sources */,
			);
			runOnlyForDeploymentPostprocessing = 0;
		};
/* End PBXSourcesBuildPhase section */

/* Begin PBXVariantGroup section */
		54FDBC64287CB10D00481281 /* Main.storyboard */ = {
			isa = PBXVariantGroup;
			children = (
				54FDBC65287CB10D00481281 /* Base */,
			);
			name = Main.storyboard;
			sourceTree = "<group>";
		};
		54FDBC69287CB10E00481281 /* LaunchScreen.storyboard */ = {
			isa = PBXVariantGroup;
			children = (
				54FDBC6A287CB10E00481281 /* Base */,
			);
			name = LaunchScreen.storyboard;
			sourceTree = "<group>";
		};
/* End PBXVariantGroup section */

/* Begin XCBuildConfiguration section */
		54FDBC6F287CB10E00481281 /* Debug */ = {
			isa = XCBuildConfiguration;
			buildSettings = {
				ALWAYS_SEARCH_USER_PATHS = NO;
				CLANG_ANALYZER_NONNULL = YES;
				CLANG_ANALYZER_NUMBER_OBJECT_CONVERSION = YES_AGGRESSIVE;
				CLANG_CXX_LANGUAGE_STANDARD = "gnu++17";
				CLANG_ENABLE_MODULES = YES;
				CLANG_ENABLE_OBJC_ARC = YES;
				CLANG_ENABLE_OBJC_WEAK = YES;
				CLANG_WARN_BLOCK_CAPTURE_AUTORELEASING = YES;
				CLANG_WARN_BOOL_CONVERSION = YES;
				CLANG_WARN_COMMA = YES;
				CLANG_WARN_CONSTANT_CONVERSION = YES;
				CLANG_WARN_DEPRECATED_OBJC_IMPLEMENTATIONS = YES;
				CLANG_WARN_DIRECT_OBJC_ISA_USAGE = YES_ERROR;
				CLANG_WARN_DOCUMENTATION_COMMENTS = YES;
				CLANG_WARN_EMPTY_BODY = YES;
				CLANG_WARN_ENUM_CONVERSION = YES;
				CLANG_WARN_INFINITE_RECURSION = YES;
				CLANG_WARN_INT_CONVERSION = YES;
				CLANG_WARN_NON_LITERAL_NULL_CONVERSION = YES;
				CLANG_WARN_OBJC_IMPLICIT_RETAIN_SELF = YES;
				CLANG_WARN_OBJC_LITERAL_CONVERSION = YES;
				CLANG_WARN_OBJC_ROOT_CLASS = YES_ERROR;
				CLANG_WARN_QUOTED_INCLUDE_IN_FRAMEWORK_HEADER = YES;
				CLANG_WARN_RANGE_LOOP_ANALYSIS = YES;
				CLANG_WARN_STRICT_PROTOTYPES = YES;
				CLANG_WARN_SUSPICIOUS_MOVE = YES;
				CLANG_WARN_UNGUARDED_AVAILABILITY = YES_AGGRESSIVE;
				CLANG_WARN_UNREACHABLE_CODE = YES;
				CLANG_WARN__DUPLICATE_METHOD_MATCH = YES;
				COPY_PHASE_STRIP = NO;
				DEBUG_INFORMATION_FORMAT = dwarf;
				ENABLE_STRICT_OBJC_MSGSEND = YES;
				ENABLE_TESTABILITY = YES;
				GCC_C_LANGUAGE_STANDARD = gnu11;
				GCC_DYNAMIC_NO_PIC = NO;
				GCC_NO_COMMON_BLOCKS = YES;
				GCC_OPTIMIZATION_LEVEL = 0;
				GCC_PREPROCESSOR_DEFINITIONS = (
					"DEBUG=1",
					"$(inherited)",
				);
				GCC_WARN_64_TO_32_BIT_CONVERSION = YES;
				GCC_WARN_ABOUT_RETURN_TYPE = YES_ERROR;
				GCC_WARN_UNDECLARED_SELECTOR = YES;
				GCC_WARN_UNINITIALIZED_AUTOS = YES_AGGRESSIVE;
				GCC_WARN_UNUSED_FUNCTION = YES;
				GCC_WARN_UNUSED_VARIABLE = YES;
				IPHONEOS_DEPLOYMENT_TARGET = 13.2;
				MTL_ENABLE_DEBUG_INFO = INCLUDE_SOURCE;
				MTL_FAST_MATH = YES;
				ONLY_ACTIVE_ARCH = YES;
				SDKROOT = iphoneos;
			};
			name = Debug;
		};
		54FDBC70287CB10E00481281 /* Release */ = {
			isa = XCBuildConfiguration;
			buildSettings = {
				ALWAYS_SEARCH_USER_PATHS = NO;
				CLANG_ANALYZER_NONNULL = YES;
				CLANG_ANALYZER_NUMBER_OBJECT_CONVERSION = YES_AGGRESSIVE;
				CLANG_CXX_LANGUAGE_STANDARD = "gnu++17";
				CLANG_ENABLE_MODULES = YES;
				CLANG_ENABLE_OBJC_ARC = YES;
				CLANG_ENABLE_OBJC_WEAK = YES;
				CLANG_WARN_BLOCK_CAPTURE_AUTORELEASING = YES;
				CLANG_WARN_BOOL_CONVERSION = YES;
				CLANG_WARN_COMMA = YES;
				CLANG_WARN_CONSTANT_CONVERSION = YES;
				CLANG_WARN_DEPRECATED_OBJC_IMPLEMENTATIONS = YES;
				CLANG_WARN_DIRECT_OBJC_ISA_USAGE = YES_ERROR;
				CLANG_WARN_DOCUMENTATION_COMMENTS = YES;
				CLANG_WARN_EMPTY_BODY = YES;
				CLANG_WARN_ENUM_CONVERSION = YES;
				CLANG_WARN_INFINITE_RECURSION = YES;
				CLANG_WARN_INT_CONVERSION = YES;
				CLANG_WARN_NON_LITERAL_NULL_CONVERSION = YES;
				CLANG_WARN_OBJC_IMPLICIT_RETAIN_SELF = YES;
				CLANG_WARN_OBJC_LITERAL_CONVERSION = YES;
				CLANG_WARN_OBJC_ROOT_CLASS = YES_ERROR;
				CLANG_WARN_QUOTED_INCLUDE_IN_FRAMEWORK_HEADER = YES;
				CLANG_WARN_RANGE_LOOP_ANALYSIS = YES;
				CLANG_WARN_STRICT_PROTOTYPES = YES;
				CLANG_WARN_SUSPICIOUS_MOVE = YES;
				CLANG_WARN_UNGUARDED_AVAILABILITY = YES_AGGRESSIVE;
				CLANG_WARN_UNREACHABLE_CODE = YES;
				CLANG_WARN__DUPLICATE_METHOD_MATCH = YES;
				COPY_PHASE_STRIP = NO;
				DEBUG_INFORMATION_FORMAT = "dwarf-with-dsym";
				ENABLE_NS_ASSERTIONS = NO;
				ENABLE_STRICT_OBJC_MSGSEND = YES;
				GCC_C_LANGUAGE_STANDARD = gnu11;
				GCC_NO_COMMON_BLOCKS = YES;
				GCC_WARN_64_TO_32_BIT_CONVERSION = YES;
				GCC_WARN_ABOUT_RETURN_TYPE = YES_ERROR;
				GCC_WARN_UNDECLARED_SELECTOR = YES;
				GCC_WARN_UNINITIALIZED_AUTOS = YES_AGGRESSIVE;
				GCC_WARN_UNUSED_FUNCTION = YES;
				GCC_WARN_UNUSED_VARIABLE = YES;
				IPHONEOS_DEPLOYMENT_TARGET = 13.2;
				MTL_ENABLE_DEBUG_INFO = NO;
				MTL_FAST_MATH = YES;
				SDKROOT = iphoneos;
				VALIDATE_PRODUCT = YES;
			};
			name = Release;
		};
		54FDBC72287CB10E00481281 /* Debug */ = {
			isa = XCBuildConfiguration;
			baseConfigurationReference = 2C3E71937DA2718A223EA1AB /* Pods-GroceryMarket.debug.xcconfig */;
			buildSettings = {
				ASSETCATALOG_COMPILER_APPICON_NAME = AppIcon;
				ASSETCATALOG_COMPILER_GLOBAL_ACCENT_COLOR_NAME = AccentColor;
				CLANG_ENABLE_MODULES = YES;
				CODE_SIGN_STYLE = Automatic;
				CURRENT_PROJECT_VERSION = 1;
				DEVELOPMENT_TEAM = 49BFYP4T4J;
				GCC_PREFIX_HEADER = "GroceryMarket/SupportingFiles/Grocery-Prefix.pch";
				GENERATE_INFOPLIST_FILE = YES;
				INFOPLIST_FILE = GroceryMarket/Info.plist;
				INFOPLIST_KEY_UIApplicationSupportsIndirectInputEvents = YES;
				INFOPLIST_KEY_UILaunchStoryboardName = LaunchScreen;
				INFOPLIST_KEY_UIMainStoryboardFile = Main;
				INFOPLIST_KEY_UISupportedInterfaceOrientations_iPad = "UIInterfaceOrientationPortrait UIInterfaceOrientationPortraitUpsideDown UIInterfaceOrientationLandscapeLeft UIInterfaceOrientationLandscapeRight";
				INFOPLIST_KEY_UISupportedInterfaceOrientations_iPhone = "UIInterfaceOrientationPortrait UIInterfaceOrientationLandscapeLeft UIInterfaceOrientationLandscapeRight";
				IPHONEOS_DEPLOYMENT_TARGET = 13.2;
				LD_RUNPATH_SEARCH_PATHS = (
					"$(inherited)",
					"@executable_path/Frameworks",
				);
				MARKETING_VERSION = 1.0;
				ONLY_ACTIVE_ARCH = NO;
				PRODUCT_BUNDLE_IDENTIFIER = com.Mitchel.GroceryMarket;
				PRODUCT_NAME = "$(TARGET_NAME)";
				SWIFT_EMIT_LOC_STRINGS = YES;
				SWIFT_OBJC_BRIDGING_HEADER = "GroceryMarket/GroceryMarket-Bridging-Header.h";
				SWIFT_OPTIMIZATION_LEVEL = "-Onone";
				SWIFT_VERSION = 5.0;
				TARGETED_DEVICE_FAMILY = "1,2";
			};
			name = Debug;
		};
		54FDBC73287CB10E00481281 /* Release */ = {
			isa = XCBuildConfiguration;
			baseConfigurationReference = E67D131A858D19BC50B2A055 /* Pods-GroceryMarket.release.xcconfig */;
			buildSettings = {
				ASSETCATALOG_COMPILER_APPICON_NAME = AppIcon;
				ASSETCATALOG_COMPILER_GLOBAL_ACCENT_COLOR_NAME = AccentColor;
				CLANG_ENABLE_MODULES = YES;
				CODE_SIGN_STYLE = Automatic;
				CURRENT_PROJECT_VERSION = 1;
				DEVELOPMENT_TEAM = 49BFYP4T4J;
				GCC_PREFIX_HEADER = "GroceryMarket/SupportingFiles/Grocery-Prefix.pch";
				GENERATE_INFOPLIST_FILE = YES;
				INFOPLIST_FILE = GroceryMarket/Info.plist;
				INFOPLIST_KEY_UIApplicationSupportsIndirectInputEvents = YES;
				INFOPLIST_KEY_UILaunchStoryboardName = LaunchScreen;
				INFOPLIST_KEY_UIMainStoryboardFile = Main;
				INFOPLIST_KEY_UISupportedInterfaceOrientations_iPad = "UIInterfaceOrientationPortrait UIInterfaceOrientationPortraitUpsideDown UIInterfaceOrientationLandscapeLeft UIInterfaceOrientationLandscapeRight";
				INFOPLIST_KEY_UISupportedInterfaceOrientations_iPhone = "UIInterfaceOrientationPortrait UIInterfaceOrientationLandscapeLeft UIInterfaceOrientationLandscapeRight";
				IPHONEOS_DEPLOYMENT_TARGET = 13.2;
				LD_RUNPATH_SEARCH_PATHS = (
					"$(inherited)",
					"@executable_path/Frameworks",
				);
				MARKETING_VERSION = 1.0;
				ONLY_ACTIVE_ARCH = NO;
				PRODUCT_BUNDLE_IDENTIFIER = com.Mitchel.GroceryMarket;
				PRODUCT_NAME = "$(TARGET_NAME)";
				SWIFT_EMIT_LOC_STRINGS = YES;
				SWIFT_OBJC_BRIDGING_HEADER = "GroceryMarket/GroceryMarket-Bridging-Header.h";
				SWIFT_VERSION = 5.0;
				TARGETED_DEVICE_FAMILY = "1,2";
			};
			name = Release;
		};
/* End XCBuildConfiguration section */

/* Begin XCConfigurationList section */
		54FDBC53287CB10D00481281 /* Build configuration list for PBXProject "GroceryMarket" */ = {
			isa = XCConfigurationList;
			buildConfigurations = (
				54FDBC6F287CB10E00481281 /* Debug */,
				54FDBC70287CB10E00481281 /* Release */,
			);
			defaultConfigurationIsVisible = 0;
			defaultConfigurationName = Release;
		};
		54FDBC71287CB10E00481281 /* Build configuration list for PBXNativeTarget "GroceryMarket" */ = {
			isa = XCConfigurationList;
			buildConfigurations = (
				54FDBC72287CB10E00481281 /* Debug */,
				54FDBC73287CB10E00481281 /* Release */,
			);
			defaultConfigurationIsVisible = 0;
			defaultConfigurationName = Release;
		};
/* End XCConfigurationList section */
	};
	rootObject = 54FDBC50287CB10D00481281 /* Project object */;
}
